// !$*UTF8*$!
{
	archiveVersion = 1;
	classes = {
	};
	objectVersion = 56;
	objects = {

/* Begin PBXBuildFile section */
		426782CF02A2A6FF4E91EF04 /* Pods_MoA.framework in Frameworks */ = {isa = PBXBuildFile; fileRef = 0CD905FBAA5CBF2ABBA0EC69 /* Pods_MoA.framework */; };
		79B63BAF82F788EBBBE07D3D /* Pods_MoATests.framework in Frameworks */ = {isa = PBXBuildFile; fileRef = 6822EE8B711559DD161D2767 /* Pods_MoATests.framework */; };
		927BFD431EADA1963B4B0926 /* Pods_MoA_MoAUITests.framework in Frameworks */ = {isa = PBXBuildFile; fileRef = 94F4BBBDCC0CF50EAEE0584E /* Pods_MoA_MoAUITests.framework */; };
		F224BE262ACAB29D009021D8 /* EnterUserInfoViewController.swift in Sources */ = {isa = PBXBuildFile; fileRef = F224BE242ACAB29D009021D8 /* EnterUserInfoViewController.swift */; };
		F224BE272ACAB29D009021D8 /* EnterUserInfoViewController.xib in Resources */ = {isa = PBXBuildFile; fileRef = F224BE252ACAB29D009021D8 /* EnterUserInfoViewController.xib */; };
		F286B3E42A88F3BB00295449 /* SignInViewController.swift in Sources */ = {isa = PBXBuildFile; fileRef = F286B3E22A88F3BB00295449 /* SignInViewController.swift */; };
		F286B3E52A88F3BB00295449 /* OAuthSignInViewController.xib in Resources */ = {isa = PBXBuildFile; fileRef = F286B3E32A88F3BB00295449 /* OAuthSignInViewController.xib */; };
		F290BD562AF7B05200E7B165 /* ServicesProvider.swift in Sources */ = {isa = PBXBuildFile; fileRef = F290BD552AF7B05200E7B165 /* ServicesProvider.swift */; };
		F290BD592AF7BE8F00E7B165 /* NetworkServiceType.swift in Sources */ = {isa = PBXBuildFile; fileRef = F290BD582AF7BE8F00E7B165 /* NetworkServiceType.swift */; };
		F290BD5B2AF7C5AB00E7B165 /* Resource.swift in Sources */ = {isa = PBXBuildFile; fileRef = F290BD5A2AF7C5AB00E7B165 /* Resource.swift */; };
		F290BD5D2AF7C7F900E7B165 /* NetworkService.swift in Sources */ = {isa = PBXBuildFile; fileRef = F290BD5C2AF7C7F900E7B165 /* NetworkService.swift */; };
		F290BD602B00F96800E7B165 /* Publisher+Utils.swift in Sources */ = {isa = PBXBuildFile; fileRef = F290BD5F2B00F96800E7B165 /* Publisher+Utils.swift */; };
		F290BD622B01069900E7B165 /* ImageLoaderService.swift in Sources */ = {isa = PBXBuildFile; fileRef = F290BD612B01069900E7B165 /* ImageLoaderService.swift */; };
		F290BD642B0106D000E7B165 /* ImageLoaderServiceType.swift in Sources */ = {isa = PBXBuildFile; fileRef = F290BD632B0106D000E7B165 /* ImageLoaderServiceType.swift */; };
		F290BD662B0106FC00E7B165 /* ImageCache.swift in Sources */ = {isa = PBXBuildFile; fileRef = F290BD652B0106FC00E7B165 /* ImageCache.swift */; };
		F290BD692B01075800E7B165 /* Scheduler.swift in Sources */ = {isa = PBXBuildFile; fileRef = F290BD682B01075800E7B165 /* Scheduler.swift */; };
		F290BD6C2B01080500E7B165 /* UserUseCase.swift in Sources */ = {isa = PBXBuildFile; fileRef = F290BD6B2B01080500E7B165 /* UserUseCase.swift */; };
		F290BD6F2B03933400E7B165 /* User.swift in Sources */ = {isa = PBXBuildFile; fileRef = F290BD6E2B03933400E7B165 /* User.swift */; };
		F290BD712B04F32900E7B165 /* AutoMockable.swift in Sources */ = {isa = PBXBuildFile; fileRef = F290BD702B04F32900E7B165 /* AutoMockable.swift */; };
		F290BD732B04F47A00E7B165 /* ApiContants.swift in Sources */ = {isa = PBXBuildFile; fileRef = F290BD722B04F47A00E7B165 /* ApiContants.swift */; };
		F290BD752B04F71600E7B165 /* Resource+User.swift in Sources */ = {isa = PBXBuildFile; fileRef = F290BD742B04F71600E7B165 /* Resource+User.swift */; };
		F290BD772B09B92600E7B165 /* SignInViewModelType.swift in Sources */ = {isa = PBXBuildFile; fileRef = F290BD762B09B92600E7B165 /* SignInViewModelType.swift */; };
		F290BD7A2B09B96600E7B165 /* SignInViewModel.swift in Sources */ = {isa = PBXBuildFile; fileRef = F290BD792B09B96600E7B165 /* SignInViewModel.swift */; };
		F290BD7C2B09BB8600E7B165 /* UserViewModel.swift in Sources */ = {isa = PBXBuildFile; fileRef = F290BD7B2B09BB8600E7B165 /* UserViewModel.swift */; };
		F290BD7E2B0A2EA600E7B165 /* UserViewModelBuilder.swift in Sources */ = {isa = PBXBuildFile; fileRef = F290BD7D2B0A2EA500E7B165 /* UserViewModelBuilder.swift */; };
		F2D9BB822B1DF19D007F09CF /* LaunchScreen.storyboard in Resources */ = {isa = PBXBuildFile; fileRef = F2FAC4742A7654F5003D52DC /* LaunchScreen.storyboard */; };
		F2D9BB832B1DF1A3007F09CF /* Assets.xcassets in Resources */ = {isa = PBXBuildFile; fileRef = F2FAC4722A7654F5003D52DC /* Assets.xcassets */; };
		F2D9BB862B1DF2F4007F09CF /* KakaoSDKAuth in Frameworks */ = {isa = PBXBuildFile; productRef = F2D9BB852B1DF2F4007F09CF /* KakaoSDKAuth */; };
		F2D9BB882B1DF2F4007F09CF /* KakaoSDKCommon in Frameworks */ = {isa = PBXBuildFile; productRef = F2D9BB872B1DF2F4007F09CF /* KakaoSDKCommon */; };
		F2D9BB8B2B1DF309007F09CF /* GoogleSignInSwift in Frameworks */ = {isa = PBXBuildFile; productRef = F2D9BB8A2B1DF309007F09CF /* GoogleSignInSwift */; };
		F2D9BB8D2B1DF56A007F09CF /* KakaoSDKUser in Frameworks */ = {isa = PBXBuildFile; productRef = F2D9BB8C2B1DF56A007F09CF /* KakaoSDKUser */; };
		F2D9BB902B24A9EB007F09CF /* OAuthSignInViewController.swift in Sources */ = {isa = PBXBuildFile; fileRef = F2D9BB8F2B24A9EB007F09CF /* OAuthSignInViewController.swift */; };
		F2D9BB922B24ABBF007F09CF /* SignInViewController.xib in Resources */ = {isa = PBXBuildFile; fileRef = F2D9BB912B24ABBF007F09CF /* SignInViewController.xib */; };
		F2D9BB962B255505007F09CF /* OAuthSignInModelType.swift in Sources */ = {isa = PBXBuildFile; fileRef = F2D9BB952B255505007F09CF /* OAuthSignInModelType.swift */; };
		F2D9BB982B255523007F09CF /* OAuthSignInViewModel.swift in Sources */ = {isa = PBXBuildFile; fileRef = F2D9BB972B255523007F09CF /* OAuthSignInViewModel.swift */; };
		F2FAC46A2A7654F2003D52DC /* AppDelegate.swift in Sources */ = {isa = PBXBuildFile; fileRef = F2FAC4692A7654F2003D52DC /* AppDelegate.swift */; };
		F2FAC46C2A7654F2003D52DC /* SceneDelegate.swift in Sources */ = {isa = PBXBuildFile; fileRef = F2FAC46B2A7654F2003D52DC /* SceneDelegate.swift */; };
		F2FAC4812A7654F6003D52DC /* MoATests.swift in Sources */ = {isa = PBXBuildFile; fileRef = F2FAC4802A7654F6003D52DC /* MoATests.swift */; };
		F2FAC48B2A7654F6003D52DC /* MoAUITests.swift in Sources */ = {isa = PBXBuildFile; fileRef = F2FAC48A2A7654F6003D52DC /* MoAUITests.swift */; };
		F2FAC48D2A7654F6003D52DC /* MoAUITestsLaunchTests.swift in Sources */ = {isa = PBXBuildFile; fileRef = F2FAC48C2A7654F6003D52DC /* MoAUITestsLaunchTests.swift */; };
/* End PBXBuildFile section */

/* Begin PBXContainerItemProxy section */
		F2FAC47D2A7654F6003D52DC /* PBXContainerItemProxy */ = {
			isa = PBXContainerItemProxy;
			containerPortal = F2FAC45E2A7654F2003D52DC /* Project object */;
			proxyType = 1;
			remoteGlobalIDString = F2FAC4652A7654F2003D52DC;
			remoteInfo = MoA;
		};
		F2FAC4872A7654F6003D52DC /* PBXContainerItemProxy */ = {
			isa = PBXContainerItemProxy;
			containerPortal = F2FAC45E2A7654F2003D52DC /* Project object */;
			proxyType = 1;
			remoteGlobalIDString = F2FAC4652A7654F2003D52DC;
			remoteInfo = MoA;
		};
/* End PBXContainerItemProxy section */

/* Begin PBXFileReference section */
		0CD905FBAA5CBF2ABBA0EC69 /* Pods_MoA.framework */ = {isa = PBXFileReference; explicitFileType = wrapper.framework; includeInIndex = 0; path = Pods_MoA.framework; sourceTree = BUILT_PRODUCTS_DIR; };
		1D23ED8F7AC6C634923B55DA /* Pods-MoA.release.xcconfig */ = {isa = PBXFileReference; includeInIndex = 1; lastKnownFileType = text.xcconfig; name = "Pods-MoA.release.xcconfig"; path = "Target Support Files/Pods-MoA/Pods-MoA.release.xcconfig"; sourceTree = "<group>"; };
		1DA3FDF68FEA09CAA49D17F8 /* Pods-MoA-MoAUITests.release.xcconfig */ = {isa = PBXFileReference; includeInIndex = 1; lastKnownFileType = text.xcconfig; name = "Pods-MoA-MoAUITests.release.xcconfig"; path = "Target Support Files/Pods-MoA-MoAUITests/Pods-MoA-MoAUITests.release.xcconfig"; sourceTree = "<group>"; };
		4C6583BA43F7DEB809A7E531 /* Pods-MoATests.debug.xcconfig */ = {isa = PBXFileReference; includeInIndex = 1; lastKnownFileType = text.xcconfig; name = "Pods-MoATests.debug.xcconfig"; path = "Target Support Files/Pods-MoATests/Pods-MoATests.debug.xcconfig"; sourceTree = "<group>"; };
		6822EE8B711559DD161D2767 /* Pods_MoATests.framework */ = {isa = PBXFileReference; explicitFileType = wrapper.framework; includeInIndex = 0; path = Pods_MoATests.framework; sourceTree = BUILT_PRODUCTS_DIR; };
		94F4BBBDCC0CF50EAEE0584E /* Pods_MoA_MoAUITests.framework */ = {isa = PBXFileReference; explicitFileType = wrapper.framework; includeInIndex = 0; path = Pods_MoA_MoAUITests.framework; sourceTree = BUILT_PRODUCTS_DIR; };
		99DB2672CC1413E7FE00771E /* Pods-MoA-MoAUITests.debug.xcconfig */ = {isa = PBXFileReference; includeInIndex = 1; lastKnownFileType = text.xcconfig; name = "Pods-MoA-MoAUITests.debug.xcconfig"; path = "Target Support Files/Pods-MoA-MoAUITests/Pods-MoA-MoAUITests.debug.xcconfig"; sourceTree = "<group>"; };
		D94269AD5703085668E762D1 /* Pods-MoATests.release.xcconfig */ = {isa = PBXFileReference; includeInIndex = 1; lastKnownFileType = text.xcconfig; name = "Pods-MoATests.release.xcconfig"; path = "Target Support Files/Pods-MoATests/Pods-MoATests.release.xcconfig"; sourceTree = "<group>"; };
		E61E63B4A39FC455CA3EEB0E /* Pods-MoA.debug.xcconfig */ = {isa = PBXFileReference; includeInIndex = 1; lastKnownFileType = text.xcconfig; name = "Pods-MoA.debug.xcconfig"; path = "Target Support Files/Pods-MoA/Pods-MoA.debug.xcconfig"; sourceTree = "<group>"; };
		F224BE242ACAB29D009021D8 /* EnterUserInfoViewController.swift */ = {isa = PBXFileReference; fileEncoding = 4; lastKnownFileType = sourcecode.swift; path = EnterUserInfoViewController.swift; sourceTree = "<group>"; };
		F224BE252ACAB29D009021D8 /* EnterUserInfoViewController.xib */ = {isa = PBXFileReference; fileEncoding = 4; lastKnownFileType = file.xib; path = EnterUserInfoViewController.xib; sourceTree = "<group>"; };
		F286B3E22A88F3BB00295449 /* SignInViewController.swift */ = {isa = PBXFileReference; lastKnownFileType = sourcecode.swift; path = SignInViewController.swift; sourceTree = "<group>"; };
		F286B3E32A88F3BB00295449 /* OAuthSignInViewController.xib */ = {isa = PBXFileReference; lastKnownFileType = file.xib; path = OAuthSignInViewController.xib; sourceTree = "<group>"; };
		F290BD532AED16B500E7B165 /* MoA.entitlements */ = {isa = PBXFileReference; lastKnownFileType = text.plist.entitlements; path = MoA.entitlements; sourceTree = "<group>"; };
		F290BD552AF7B05200E7B165 /* ServicesProvider.swift */ = {isa = PBXFileReference; lastKnownFileType = sourcecode.swift; path = ServicesProvider.swift; sourceTree = "<group>"; };
		F290BD582AF7BE8F00E7B165 /* NetworkServiceType.swift */ = {isa = PBXFileReference; lastKnownFileType = sourcecode.swift; path = NetworkServiceType.swift; sourceTree = "<group>"; };
		F290BD5A2AF7C5AB00E7B165 /* Resource.swift */ = {isa = PBXFileReference; lastKnownFileType = sourcecode.swift; path = Resource.swift; sourceTree = "<group>"; };
		F290BD5C2AF7C7F900E7B165 /* NetworkService.swift */ = {isa = PBXFileReference; lastKnownFileType = sourcecode.swift; path = NetworkService.swift; sourceTree = "<group>"; };
		F290BD5F2B00F96800E7B165 /* Publisher+Utils.swift */ = {isa = PBXFileReference; lastKnownFileType = sourcecode.swift; path = "Publisher+Utils.swift"; sourceTree = "<group>"; };
		F290BD612B01069900E7B165 /* ImageLoaderService.swift */ = {isa = PBXFileReference; lastKnownFileType = sourcecode.swift; path = ImageLoaderService.swift; sourceTree = "<group>"; };
		F290BD632B0106D000E7B165 /* ImageLoaderServiceType.swift */ = {isa = PBXFileReference; lastKnownFileType = sourcecode.swift; path = ImageLoaderServiceType.swift; sourceTree = "<group>"; };
		F290BD652B0106FC00E7B165 /* ImageCache.swift */ = {isa = PBXFileReference; lastKnownFileType = sourcecode.swift; path = ImageCache.swift; sourceTree = "<group>"; };
		F290BD682B01075800E7B165 /* Scheduler.swift */ = {isa = PBXFileReference; lastKnownFileType = sourcecode.swift; path = Scheduler.swift; sourceTree = "<group>"; };
		F290BD6B2B01080500E7B165 /* UserUseCase.swift */ = {isa = PBXFileReference; lastKnownFileType = sourcecode.swift; path = UserUseCase.swift; sourceTree = "<group>"; };
		F290BD6E2B03933400E7B165 /* User.swift */ = {isa = PBXFileReference; lastKnownFileType = sourcecode.swift; path = User.swift; sourceTree = "<group>"; };
		F290BD702B04F32900E7B165 /* AutoMockable.swift */ = {isa = PBXFileReference; lastKnownFileType = sourcecode.swift; path = AutoMockable.swift; sourceTree = "<group>"; };
		F290BD722B04F47A00E7B165 /* ApiContants.swift */ = {isa = PBXFileReference; lastKnownFileType = sourcecode.swift; path = ApiContants.swift; sourceTree = "<group>"; };
		F290BD742B04F71600E7B165 /* Resource+User.swift */ = {isa = PBXFileReference; lastKnownFileType = sourcecode.swift; path = "Resource+User.swift"; sourceTree = "<group>"; };
		F290BD762B09B92600E7B165 /* SignInViewModelType.swift */ = {isa = PBXFileReference; lastKnownFileType = sourcecode.swift; path = SignInViewModelType.swift; sourceTree = "<group>"; };
		F290BD792B09B96600E7B165 /* SignInViewModel.swift */ = {isa = PBXFileReference; lastKnownFileType = sourcecode.swift; path = SignInViewModel.swift; sourceTree = "<group>"; };
		F290BD7B2B09BB8600E7B165 /* UserViewModel.swift */ = {isa = PBXFileReference; lastKnownFileType = sourcecode.swift; path = UserViewModel.swift; sourceTree = "<group>"; };
		F290BD7D2B0A2EA500E7B165 /* UserViewModelBuilder.swift */ = {isa = PBXFileReference; lastKnownFileType = sourcecode.swift; path = UserViewModelBuilder.swift; sourceTree = "<group>"; };
		F2D9BB8F2B24A9EB007F09CF /* OAuthSignInViewController.swift */ = {isa = PBXFileReference; lastKnownFileType = sourcecode.swift; path = OAuthSignInViewController.swift; sourceTree = "<group>"; };
		F2D9BB912B24ABBF007F09CF /* SignInViewController.xib */ = {isa = PBXFileReference; lastKnownFileType = file.xib; path = SignInViewController.xib; sourceTree = "<group>"; };
		F2D9BB952B255505007F09CF /* OAuthSignInModelType.swift */ = {isa = PBXFileReference; lastKnownFileType = sourcecode.swift; path = OAuthSignInModelType.swift; sourceTree = "<group>"; };
		F2D9BB972B255523007F09CF /* OAuthSignInViewModel.swift */ = {isa = PBXFileReference; lastKnownFileType = sourcecode.swift; path = OAuthSignInViewModel.swift; sourceTree = "<group>"; };
		F2FAC4662A7654F2003D52DC /* MoA.app */ = {isa = PBXFileReference; explicitFileType = wrapper.application; includeInIndex = 0; path = MoA.app; sourceTree = BUILT_PRODUCTS_DIR; };
		F2FAC4692A7654F2003D52DC /* AppDelegate.swift */ = {isa = PBXFileReference; lastKnownFileType = sourcecode.swift; path = AppDelegate.swift; sourceTree = "<group>"; };
		F2FAC46B2A7654F2003D52DC /* SceneDelegate.swift */ = {isa = PBXFileReference; lastKnownFileType = sourcecode.swift; path = SceneDelegate.swift; sourceTree = "<group>"; };
		F2FAC4722A7654F5003D52DC /* Assets.xcassets */ = {isa = PBXFileReference; lastKnownFileType = folder.assetcatalog; path = Assets.xcassets; sourceTree = "<group>"; };
		F2FAC4752A7654F5003D52DC /* Base */ = {isa = PBXFileReference; lastKnownFileType = file.storyboard; name = Base; path = Base.lproj/LaunchScreen.storyboard; sourceTree = "<group>"; };
		F2FAC4772A7654F5003D52DC /* Info.plist */ = {isa = PBXFileReference; lastKnownFileType = text.plist.xml; path = Info.plist; sourceTree = "<group>"; };
		F2FAC47C2A7654F6003D52DC /* MoATests.xctest */ = {isa = PBXFileReference; explicitFileType = wrapper.cfbundle; includeInIndex = 0; path = MoATests.xctest; sourceTree = BUILT_PRODUCTS_DIR; };
		F2FAC4802A7654F6003D52DC /* MoATests.swift */ = {isa = PBXFileReference; lastKnownFileType = sourcecode.swift; path = MoATests.swift; sourceTree = "<group>"; };
		F2FAC4862A7654F6003D52DC /* MoAUITests.xctest */ = {isa = PBXFileReference; explicitFileType = wrapper.cfbundle; includeInIndex = 0; path = MoAUITests.xctest; sourceTree = BUILT_PRODUCTS_DIR; };
		F2FAC48A2A7654F6003D52DC /* MoAUITests.swift */ = {isa = PBXFileReference; lastKnownFileType = sourcecode.swift; path = MoAUITests.swift; sourceTree = "<group>"; };
		F2FAC48C2A7654F6003D52DC /* MoAUITestsLaunchTests.swift */ = {isa = PBXFileReference; lastKnownFileType = sourcecode.swift; path = MoAUITestsLaunchTests.swift; sourceTree = "<group>"; };
/* End PBXFileReference section */

/* Begin PBXFrameworksBuildPhase section */
		F2FAC4632A7654F2003D52DC /* Frameworks */ = {
			isa = PBXFrameworksBuildPhase;
			buildActionMask = 2147483647;
			files = (
				F2D9BB882B1DF2F4007F09CF /* KakaoSDKCommon in Frameworks */,
				F2D9BB862B1DF2F4007F09CF /* KakaoSDKAuth in Frameworks */,
				F2D9BB8B2B1DF309007F09CF /* GoogleSignInSwift in Frameworks */,
				F2D9BB8D2B1DF56A007F09CF /* KakaoSDKUser in Frameworks */,
				426782CF02A2A6FF4E91EF04 /* Pods_MoA.framework in Frameworks */,
			);
			runOnlyForDeploymentPostprocessing = 0;
		};
		F2FAC4792A7654F6003D52DC /* Frameworks */ = {
			isa = PBXFrameworksBuildPhase;
			buildActionMask = 2147483647;
			files = (
				79B63BAF82F788EBBBE07D3D /* Pods_MoATests.framework in Frameworks */,
			);
			runOnlyForDeploymentPostprocessing = 0;
		};
		F2FAC4832A7654F6003D52DC /* Frameworks */ = {
			isa = PBXFrameworksBuildPhase;
			buildActionMask = 2147483647;
			files = (
				927BFD431EADA1963B4B0926 /* Pods_MoA_MoAUITests.framework in Frameworks */,
			);
			runOnlyForDeploymentPostprocessing = 0;
		};
/* End PBXFrameworksBuildPhase section */

/* Begin PBXGroup section */
		4DCE25E3B08DF683D23BB1F8 /* Frameworks */ = {
			isa = PBXGroup;
			children = (
				0CD905FBAA5CBF2ABBA0EC69 /* Pods_MoA.framework */,
				94F4BBBDCC0CF50EAEE0584E /* Pods_MoA_MoAUITests.framework */,
				6822EE8B711559DD161D2767 /* Pods_MoATests.framework */,
			);
			name = Frameworks;
			sourceTree = "<group>";
		};
		74EC63F020CE35DD1A7491E6 /* Pods */ = {
			isa = PBXGroup;
			children = (
				E61E63B4A39FC455CA3EEB0E /* Pods-MoA.debug.xcconfig */,
				1D23ED8F7AC6C634923B55DA /* Pods-MoA.release.xcconfig */,
				99DB2672CC1413E7FE00771E /* Pods-MoA-MoAUITests.debug.xcconfig */,
				1DA3FDF68FEA09CAA49D17F8 /* Pods-MoA-MoAUITests.release.xcconfig */,
				4C6583BA43F7DEB809A7E531 /* Pods-MoATests.debug.xcconfig */,
				D94269AD5703085668E762D1 /* Pods-MoATests.release.xcconfig */,
			);
			path = Pods;
			sourceTree = "<group>";
		};
		F286B3E62A88F46900295449 /* Utils */ = {
			isa = PBXGroup;
			children = (
				F290BD5F2B00F96800E7B165 /* Publisher+Utils.swift */,
				F290BD702B04F32900E7B165 /* AutoMockable.swift */,
			);
			path = Utils;
			sourceTree = "<group>";
		};
		F286B3E72A88F47A00295449 /* Resources */ = {
			isa = PBXGroup;
			children = (
				F2FAC4722A7654F5003D52DC /* Assets.xcassets */,
				F2FAC4742A7654F5003D52DC /* LaunchScreen.storyboard */,
			);
			path = Resources;
			sourceTree = "<group>";
		};
		F286B3E82A88F4B200295449 /* Sources */ = {
			isa = PBXGroup;
			children = (
				F286B3E92A88F4D400295449 /* Scenes */,
				F290BD6A2B0107B100E7B165 /* UseCases */,
				F290BD542AF6556F00E7B165 /* Services */,
				F286B3E62A88F46900295449 /* Utils */,
				F2FAC4692A7654F2003D52DC /* AppDelegate.swift */,
				F2FAC46B2A7654F2003D52DC /* SceneDelegate.swift */,
			);
			path = Sources;
			sourceTree = "<group>";
		};
		F286B3E92A88F4D400295449 /* Scenes */ = {
			isa = PBXGroup;
			children = (
				F2D9BB8E2B24A946007F09CF /* OAuthSignIn */,
				F286B3EA2A88F4E600295449 /* SigeIn */,
				F290BD782B09B93900E7B165 /* EnterUserInfo */,
			);
			path = Scenes;
			sourceTree = "<group>";
		};
		F286B3EA2A88F4E600295449 /* SigeIn */ = {
			isa = PBXGroup;
			children = (
				F290BD762B09B92600E7B165 /* SignInViewModelType.swift */,
				F290BD792B09B96600E7B165 /* SignInViewModel.swift */,
				F286B3E22A88F3BB00295449 /* SignInViewController.swift */,
				F2D9BB912B24ABBF007F09CF /* SignInViewController.xib */,
				F290BD7B2B09BB8600E7B165 /* UserViewModel.swift */,
				F290BD7D2B0A2EA500E7B165 /* UserViewModelBuilder.swift */,
			);
			path = SigeIn;
			sourceTree = "<group>";
		};
		F290BD542AF6556F00E7B165 /* Services */ = {
			isa = PBXGroup;
			children = (
				F290BD552AF7B05200E7B165 /* ServicesProvider.swift */,
				F290BD572AF7BE6600E7B165 /* Network */,
				F290BD5E2B00F88000E7B165 /* ImageLoader */,
				F290BD682B01075800E7B165 /* Scheduler.swift */,
			);
			path = Services;
			sourceTree = "<group>";
		};
		F290BD572AF7BE6600E7B165 /* Network */ = {
			isa = PBXGroup;
			children = (
				F290BD582AF7BE8F00E7B165 /* NetworkServiceType.swift */,
				F290BD5A2AF7C5AB00E7B165 /* Resource.swift */,
				F290BD5C2AF7C7F900E7B165 /* NetworkService.swift */,
			);
			path = Network;
			sourceTree = "<group>";
		};
		F290BD5E2B00F88000E7B165 /* ImageLoader */ = {
			isa = PBXGroup;
			children = (
				F290BD612B01069900E7B165 /* ImageLoaderService.swift */,
				F290BD632B0106D000E7B165 /* ImageLoaderServiceType.swift */,
				F290BD652B0106FC00E7B165 /* ImageCache.swift */,
			);
			path = ImageLoader;
			sourceTree = "<group>";
		};
		F290BD6A2B0107B100E7B165 /* UseCases */ = {
			isa = PBXGroup;
			children = (
				F290BD6B2B01080500E7B165 /* UserUseCase.swift */,
				F290BD722B04F47A00E7B165 /* ApiContants.swift */,
				F290BD742B04F71600E7B165 /* Resource+User.swift */,
				F290BD6D2B03923900E7B165 /* Entities */,
			);
			path = UseCases;
			sourceTree = "<group>";
		};
		F290BD6D2B03923900E7B165 /* Entities */ = {
			isa = PBXGroup;
			children = (
				F290BD6E2B03933400E7B165 /* User.swift */,
			);
			path = Entities;
			sourceTree = "<group>";
		};
		F290BD782B09B93900E7B165 /* EnterUserInfo */ = {
			isa = PBXGroup;
			children = (
				F224BE242ACAB29D009021D8 /* EnterUserInfoViewController.swift */,
				F224BE252ACAB29D009021D8 /* EnterUserInfoViewController.xib */,
			);
			path = EnterUserInfo;
			sourceTree = "<group>";
		};
		F2D9BB8E2B24A946007F09CF /* OAuthSignIn */ = {
			isa = PBXGroup;
			children = (
				F2D9BB952B255505007F09CF /* OAuthSignInModelType.swift */,
				F2D9BB972B255523007F09CF /* OAuthSignInViewModel.swift */,
				F2D9BB8F2B24A9EB007F09CF /* OAuthSignInViewController.swift */,
				F286B3E32A88F3BB00295449 /* OAuthSignInViewController.xib */,
			);
			path = OAuthSignIn;
			sourceTree = "<group>";
		};
		F2FAC45D2A7654F2003D52DC = {
			isa = PBXGroup;
			children = (
				F2FAC4682A7654F2003D52DC /* MoA */,
				F2FAC47F2A7654F6003D52DC /* MoATests */,
				F2FAC4892A7654F6003D52DC /* MoAUITests */,
				F2FAC4672A7654F2003D52DC /* Products */,
				74EC63F020CE35DD1A7491E6 /* Pods */,
				4DCE25E3B08DF683D23BB1F8 /* Frameworks */,
			);
			sourceTree = "<group>";
		};
		F2FAC4672A7654F2003D52DC /* Products */ = {
			isa = PBXGroup;
			children = (
				F2FAC4662A7654F2003D52DC /* MoA.app */,
				F2FAC47C2A7654F6003D52DC /* MoATests.xctest */,
				F2FAC4862A7654F6003D52DC /* MoAUITests.xctest */,
			);
			name = Products;
			sourceTree = "<group>";
		};
		F2FAC4682A7654F2003D52DC /* MoA */ = {
			isa = PBXGroup;
			children = (
				F290BD532AED16B500E7B165 /* MoA.entitlements */,
				F2FAC4772A7654F5003D52DC /* Info.plist */,
				F286B3E82A88F4B200295449 /* Sources */,
				F286B3E72A88F47A00295449 /* Resources */,
			);
			path = MoA;
			sourceTree = "<group>";
		};
		F2FAC47F2A7654F6003D52DC /* MoATests */ = {
			isa = PBXGroup;
			children = (
				F2FAC4802A7654F6003D52DC /* MoATests.swift */,
			);
			path = MoATests;
			sourceTree = "<group>";
		};
		F2FAC4892A7654F6003D52DC /* MoAUITests */ = {
			isa = PBXGroup;
			children = (
				F2FAC48A2A7654F6003D52DC /* MoAUITests.swift */,
				F2FAC48C2A7654F6003D52DC /* MoAUITestsLaunchTests.swift */,
			);
			path = MoAUITests;
			sourceTree = "<group>";
		};
/* End PBXGroup section */

/* Begin PBXNativeTarget section */
		F2FAC4652A7654F2003D52DC /* MoA */ = {
			isa = PBXNativeTarget;
			buildConfigurationList = F2FAC4902A7654F6003D52DC /* Build configuration list for PBXNativeTarget "MoA" */;
			buildPhases = (
				BD9F910917376F442B46C196 /* [CP] Check Pods Manifest.lock */,
				F2FAC4622A7654F2003D52DC /* Sources */,
				F2FAC4632A7654F2003D52DC /* Frameworks */,
				F2FAC4642A7654F2003D52DC /* Resources */,
				7BFCD594CF9BB8823C8FBCA6 /* [CP] Embed Pods Frameworks */,
			);
			buildRules = (
			);
			dependencies = (
			);
			name = MoA;
			packageProductDependencies = (
				F2D9BB852B1DF2F4007F09CF /* KakaoSDKAuth */,
				F2D9BB872B1DF2F4007F09CF /* KakaoSDKCommon */,
				F2D9BB8A2B1DF309007F09CF /* GoogleSignInSwift */,
				F2D9BB8C2B1DF56A007F09CF /* KakaoSDKUser */,
			);
			productName = MoA;
			productReference = F2FAC4662A7654F2003D52DC /* MoA.app */;
			productType = "com.apple.product-type.application";
		};
		F2FAC47B2A7654F6003D52DC /* MoATests */ = {
			isa = PBXNativeTarget;
			buildConfigurationList = F2FAC4932A7654F6003D52DC /* Build configuration list for PBXNativeTarget "MoATests" */;
			buildPhases = (
				8EDC15592965CCB4A1D1A573 /* [CP] Check Pods Manifest.lock */,
				F2FAC4782A7654F6003D52DC /* Sources */,
				F2FAC4792A7654F6003D52DC /* Frameworks */,
				F2FAC47A2A7654F6003D52DC /* Resources */,
			);
			buildRules = (
			);
			dependencies = (
				F2FAC47E2A7654F6003D52DC /* PBXTargetDependency */,
			);
			name = MoATests;
			productName = MoATests;
			productReference = F2FAC47C2A7654F6003D52DC /* MoATests.xctest */;
			productType = "com.apple.product-type.bundle.unit-test";
		};
		F2FAC4852A7654F6003D52DC /* MoAUITests */ = {
			isa = PBXNativeTarget;
			buildConfigurationList = F2FAC4962A7654F6003D52DC /* Build configuration list for PBXNativeTarget "MoAUITests" */;
			buildPhases = (
				52C7D4343073C88D803858EB /* [CP] Check Pods Manifest.lock */,
				F2FAC4822A7654F6003D52DC /* Sources */,
				F2FAC4832A7654F6003D52DC /* Frameworks */,
				F2FAC4842A7654F6003D52DC /* Resources */,
				FD81014DF58C097CABB02A13 /* [CP] Embed Pods Frameworks */,
			);
			buildRules = (
			);
			dependencies = (
				F2FAC4882A7654F6003D52DC /* PBXTargetDependency */,
			);
			name = MoAUITests;
			productName = MoAUITests;
			productReference = F2FAC4862A7654F6003D52DC /* MoAUITests.xctest */;
			productType = "com.apple.product-type.bundle.ui-testing";
		};
/* End PBXNativeTarget section */

/* Begin PBXProject section */
		F2FAC45E2A7654F2003D52DC /* Project object */ = {
			isa = PBXProject;
			attributes = {
				BuildIndependentTargetsInParallel = 1;
				LastSwiftUpdateCheck = 1430;
				LastUpgradeCheck = 1430;
				TargetAttributes = {
					F2FAC4652A7654F2003D52DC = {
						CreatedOnToolsVersion = 14.3;
					};
					F2FAC47B2A7654F6003D52DC = {
						CreatedOnToolsVersion = 14.3;
						TestTargetID = F2FAC4652A7654F2003D52DC;
					};
					F2FAC4852A7654F6003D52DC = {
						CreatedOnToolsVersion = 14.3;
						TestTargetID = F2FAC4652A7654F2003D52DC;
					};
				};
			};
			buildConfigurationList = F2FAC4612A7654F2003D52DC /* Build configuration list for PBXProject "MoA" */;
			compatibilityVersion = "Xcode 14.0";
			developmentRegion = en;
			hasScannedForEncodings = 0;
			knownRegions = (
				en,
				Base,
			);
			mainGroup = F2FAC45D2A7654F2003D52DC;
			packageReferences = (
				F2D9BB842B1DF2F4007F09CF /* XCRemoteSwiftPackageReference "kakao-ios-sdk" */,
				F2D9BB892B1DF309007F09CF /* XCRemoteSwiftPackageReference "GoogleSignIn-iOS" */,
			);
			productRefGroup = F2FAC4672A7654F2003D52DC /* Products */;
			projectDirPath = "";
			projectRoot = "";
			targets = (
				F2FAC4652A7654F2003D52DC /* MoA */,
				F2FAC47B2A7654F6003D52DC /* MoATests */,
				F2FAC4852A7654F6003D52DC /* MoAUITests */,
			);
		};
/* End PBXProject section */

/* Begin PBXResourcesBuildPhase section */
		F2FAC4642A7654F2003D52DC /* Resources */ = {
			isa = PBXResourcesBuildPhase;
			buildActionMask = 2147483647;
			files = (
				F2D9BB922B24ABBF007F09CF /* SignInViewController.xib in Resources */,
				F2D9BB832B1DF1A3007F09CF /* Assets.xcassets in Resources */,
				F2D9BB822B1DF19D007F09CF /* LaunchScreen.storyboard in Resources */,
				F224BE272ACAB29D009021D8 /* EnterUserInfoViewController.xib in Resources */,
				F286B3E52A88F3BB00295449 /* OAuthSignInViewController.xib in Resources */,
			);
			runOnlyForDeploymentPostprocessing = 0;
		};
		F2FAC47A2A7654F6003D52DC /* Resources */ = {
			isa = PBXResourcesBuildPhase;
			buildActionMask = 2147483647;
			files = (
			);
			runOnlyForDeploymentPostprocessing = 0;
		};
		F2FAC4842A7654F6003D52DC /* Resources */ = {
			isa = PBXResourcesBuildPhase;
			buildActionMask = 2147483647;
			files = (
			);
			runOnlyForDeploymentPostprocessing = 0;
		};
/* End PBXResourcesBuildPhase section */

/* Begin PBXShellScriptBuildPhase section */
		52C7D4343073C88D803858EB /* [CP] Check Pods Manifest.lock */ = {
			isa = PBXShellScriptBuildPhase;
			buildActionMask = 2147483647;
			files = (
			);
			inputFileListPaths = (
			);
			inputPaths = (
				"${PODS_PODFILE_DIR_PATH}/Podfile.lock",
				"${PODS_ROOT}/Manifest.lock",
			);
			name = "[CP] Check Pods Manifest.lock";
			outputFileListPaths = (
			);
			outputPaths = (
				"$(DERIVED_FILE_DIR)/Pods-MoA-MoAUITests-checkManifestLockResult.txt",
			);
			runOnlyForDeploymentPostprocessing = 0;
			shellPath = /bin/sh;
			shellScript = "diff \"${PODS_PODFILE_DIR_PATH}/Podfile.lock\" \"${PODS_ROOT}/Manifest.lock\" > /dev/null\nif [ $? != 0 ] ; then\n    # print error to STDERR\n    echo \"error: The sandbox is not in sync with the Podfile.lock. Run 'pod install' or update your CocoaPods installation.\" >&2\n    exit 1\nfi\n# This output is used by Xcode 'outputs' to avoid re-running this script phase.\necho \"SUCCESS\" > \"${SCRIPT_OUTPUT_FILE_0}\"\n";
			showEnvVarsInLog = 0;
		};
		7BFCD594CF9BB8823C8FBCA6 /* [CP] Embed Pods Frameworks */ = {
			isa = PBXShellScriptBuildPhase;
			buildActionMask = 2147483647;
			files = (
			);
			inputFileListPaths = (
				"${PODS_ROOT}/Target Support Files/Pods-MoA/Pods-MoA-frameworks-${CONFIGURATION}-input-files.xcfilelist",
			);
			name = "[CP] Embed Pods Frameworks";
			outputFileListPaths = (
				"${PODS_ROOT}/Target Support Files/Pods-MoA/Pods-MoA-frameworks-${CONFIGURATION}-output-files.xcfilelist",
			);
			runOnlyForDeploymentPostprocessing = 0;
			shellPath = /bin/sh;
			shellScript = "\"${PODS_ROOT}/Target Support Files/Pods-MoA/Pods-MoA-frameworks.sh\"\n";
			showEnvVarsInLog = 0;
		};
		8EDC15592965CCB4A1D1A573 /* [CP] Check Pods Manifest.lock */ = {
			isa = PBXShellScriptBuildPhase;
			buildActionMask = 2147483647;
			files = (
			);
			inputFileListPaths = (
			);
			inputPaths = (
				"${PODS_PODFILE_DIR_PATH}/Podfile.lock",
				"${PODS_ROOT}/Manifest.lock",
			);
			name = "[CP] Check Pods Manifest.lock";
			outputFileListPaths = (
			);
			outputPaths = (
				"$(DERIVED_FILE_DIR)/Pods-MoATests-checkManifestLockResult.txt",
			);
			runOnlyForDeploymentPostprocessing = 0;
			shellPath = /bin/sh;
			shellScript = "diff \"${PODS_PODFILE_DIR_PATH}/Podfile.lock\" \"${PODS_ROOT}/Manifest.lock\" > /dev/null\nif [ $? != 0 ] ; then\n    # print error to STDERR\n    echo \"error: The sandbox is not in sync with the Podfile.lock. Run 'pod install' or update your CocoaPods installation.\" >&2\n    exit 1\nfi\n# This output is used by Xcode 'outputs' to avoid re-running this script phase.\necho \"SUCCESS\" > \"${SCRIPT_OUTPUT_FILE_0}\"\n";
			showEnvVarsInLog = 0;
		};
		BD9F910917376F442B46C196 /* [CP] Check Pods Manifest.lock */ = {
			isa = PBXShellScriptBuildPhase;
			buildActionMask = 2147483647;
			files = (
			);
			inputFileListPaths = (
			);
			inputPaths = (
				"${PODS_PODFILE_DIR_PATH}/Podfile.lock",
				"${PODS_ROOT}/Manifest.lock",
			);
			name = "[CP] Check Pods Manifest.lock";
			outputFileListPaths = (
			);
			outputPaths = (
				"$(DERIVED_FILE_DIR)/Pods-MoA-checkManifestLockResult.txt",
			);
			runOnlyForDeploymentPostprocessing = 0;
			shellPath = /bin/sh;
			shellScript = "diff \"${PODS_PODFILE_DIR_PATH}/Podfile.lock\" \"${PODS_ROOT}/Manifest.lock\" > /dev/null\nif [ $? != 0 ] ; then\n    # print error to STDERR\n    echo \"error: The sandbox is not in sync with the Podfile.lock. Run 'pod install' or update your CocoaPods installation.\" >&2\n    exit 1\nfi\n# This output is used by Xcode 'outputs' to avoid re-running this script phase.\necho \"SUCCESS\" > \"${SCRIPT_OUTPUT_FILE_0}\"\n";
			showEnvVarsInLog = 0;
		};
		FD81014DF58C097CABB02A13 /* [CP] Embed Pods Frameworks */ = {
			isa = PBXShellScriptBuildPhase;
			buildActionMask = 2147483647;
			files = (
			);
			inputFileListPaths = (
				"${PODS_ROOT}/Target Support Files/Pods-MoA-MoAUITests/Pods-MoA-MoAUITests-frameworks-${CONFIGURATION}-input-files.xcfilelist",
			);
			name = "[CP] Embed Pods Frameworks";
			outputFileListPaths = (
				"${PODS_ROOT}/Target Support Files/Pods-MoA-MoAUITests/Pods-MoA-MoAUITests-frameworks-${CONFIGURATION}-output-files.xcfilelist",
			);
			runOnlyForDeploymentPostprocessing = 0;
			shellPath = /bin/sh;
			shellScript = "\"${PODS_ROOT}/Target Support Files/Pods-MoA-MoAUITests/Pods-MoA-MoAUITests-frameworks.sh\"\n";
			showEnvVarsInLog = 0;
		};
/* End PBXShellScriptBuildPhase section */

/* Begin PBXSourcesBuildPhase section */
		F2FAC4622A7654F2003D52DC /* Sources */ = {
			isa = PBXSourcesBuildPhase;
			buildActionMask = 2147483647;
			files = (
				F290BD692B01075800E7B165 /* Scheduler.swift in Sources */,
				F290BD592AF7BE8F00E7B165 /* NetworkServiceType.swift in Sources */,
				F224BE262ACAB29D009021D8 /* EnterUserInfoViewController.swift in Sources */,
				F2D9BB982B255523007F09CF /* OAuthSignInViewModel.swift in Sources */,
				F290BD5D2AF7C7F900E7B165 /* NetworkService.swift in Sources */,
				F290BD7A2B09B96600E7B165 /* SignInViewModel.swift in Sources */,
				F290BD712B04F32900E7B165 /* AutoMockable.swift in Sources */,
				F286B3E42A88F3BB00295449 /* SignInViewController.swift in Sources */,
				F290BD7E2B0A2EA600E7B165 /* UserViewModelBuilder.swift in Sources */,
				F290BD642B0106D000E7B165 /* ImageLoaderServiceType.swift in Sources */,
				F290BD732B04F47A00E7B165 /* ApiContants.swift in Sources */,
				F2D9BB902B24A9EB007F09CF /* OAuthSignInViewController.swift in Sources */,
				F290BD622B01069900E7B165 /* ImageLoaderService.swift in Sources */,
				F290BD752B04F71600E7B165 /* Resource+User.swift in Sources */,
				F290BD662B0106FC00E7B165 /* ImageCache.swift in Sources */,
				F290BD6F2B03933400E7B165 /* User.swift in Sources */,
				F290BD602B00F96800E7B165 /* Publisher+Utils.swift in Sources */,
				F290BD6C2B01080500E7B165 /* UserUseCase.swift in Sources */,
				F2D9BB962B255505007F09CF /* OAuthSignInModelType.swift in Sources */,
				F2FAC46A2A7654F2003D52DC /* AppDelegate.swift in Sources */,
				F290BD562AF7B05200E7B165 /* ServicesProvider.swift in Sources */,
				F2FAC46C2A7654F2003D52DC /* SceneDelegate.swift in Sources */,
				F290BD772B09B92600E7B165 /* SignInViewModelType.swift in Sources */,
				F290BD7C2B09BB8600E7B165 /* UserViewModel.swift in Sources */,
				F290BD5B2AF7C5AB00E7B165 /* Resource.swift in Sources */,
			);
			runOnlyForDeploymentPostprocessing = 0;
		};
		F2FAC4782A7654F6003D52DC /* Sources */ = {
			isa = PBXSourcesBuildPhase;
			buildActionMask = 2147483647;
			files = (
				F2FAC4812A7654F6003D52DC /* MoATests.swift in Sources */,
			);
			runOnlyForDeploymentPostprocessing = 0;
		};
		F2FAC4822A7654F6003D52DC /* Sources */ = {
			isa = PBXSourcesBuildPhase;
			buildActionMask = 2147483647;
			files = (
				F2FAC48D2A7654F6003D52DC /* MoAUITestsLaunchTests.swift in Sources */,
				F2FAC48B2A7654F6003D52DC /* MoAUITests.swift in Sources */,
			);
			runOnlyForDeploymentPostprocessing = 0;
		};
/* End PBXSourcesBuildPhase section */

/* Begin PBXTargetDependency section */
		F2FAC47E2A7654F6003D52DC /* PBXTargetDependency */ = {
			isa = PBXTargetDependency;
			target = F2FAC4652A7654F2003D52DC /* MoA */;
			targetProxy = F2FAC47D2A7654F6003D52DC /* PBXContainerItemProxy */;
		};
		F2FAC4882A7654F6003D52DC /* PBXTargetDependency */ = {
			isa = PBXTargetDependency;
			target = F2FAC4652A7654F2003D52DC /* MoA */;
			targetProxy = F2FAC4872A7654F6003D52DC /* PBXContainerItemProxy */;
		};
/* End PBXTargetDependency section */

/* Begin PBXVariantGroup section */
		F2FAC4742A7654F5003D52DC /* LaunchScreen.storyboard */ = {
			isa = PBXVariantGroup;
			children = (
				F2FAC4752A7654F5003D52DC /* Base */,
			);
			name = LaunchScreen.storyboard;
			sourceTree = "<group>";
		};
/* End PBXVariantGroup section */

/* Begin XCBuildConfiguration section */
		F2FAC48E2A7654F6003D52DC /* Debug */ = {
			isa = XCBuildConfiguration;
			buildSettings = {
				ALWAYS_SEARCH_USER_PATHS = NO;
				CLANG_ANALYZER_NONNULL = YES;
				CLANG_ANALYZER_NUMBER_OBJECT_CONVERSION = YES_AGGRESSIVE;
				CLANG_CXX_LANGUAGE_STANDARD = "gnu++20";
				CLANG_ENABLE_MODULES = YES;
				CLANG_ENABLE_OBJC_ARC = YES;
				CLANG_ENABLE_OBJC_WEAK = YES;
				CLANG_WARN_BLOCK_CAPTURE_AUTORELEASING = YES;
				CLANG_WARN_BOOL_CONVERSION = YES;
				CLANG_WARN_COMMA = YES;
				CLANG_WARN_CONSTANT_CONVERSION = YES;
				CLANG_WARN_DEPRECATED_OBJC_IMPLEMENTATIONS = YES;
				CLANG_WARN_DIRECT_OBJC_ISA_USAGE = YES_ERROR;
				CLANG_WARN_DOCUMENTATION_COMMENTS = YES;
				CLANG_WARN_EMPTY_BODY = YES;
				CLANG_WARN_ENUM_CONVERSION = YES;
				CLANG_WARN_INFINITE_RECURSION = YES;
				CLANG_WARN_INT_CONVERSION = YES;
				CLANG_WARN_NON_LITERAL_NULL_CONVERSION = YES;
				CLANG_WARN_OBJC_IMPLICIT_RETAIN_SELF = YES;
				CLANG_WARN_OBJC_LITERAL_CONVERSION = YES;
				CLANG_WARN_OBJC_ROOT_CLASS = YES_ERROR;
				CLANG_WARN_QUOTED_INCLUDE_IN_FRAMEWORK_HEADER = YES;
				CLANG_WARN_RANGE_LOOP_ANALYSIS = YES;
				CLANG_WARN_STRICT_PROTOTYPES = YES;
				CLANG_WARN_SUSPICIOUS_MOVE = YES;
				CLANG_WARN_UNGUARDED_AVAILABILITY = YES_AGGRESSIVE;
				CLANG_WARN_UNREACHABLE_CODE = YES;
				CLANG_WARN__DUPLICATE_METHOD_MATCH = YES;
				COPY_PHASE_STRIP = NO;
				DEBUG_INFORMATION_FORMAT = dwarf;
				ENABLE_STRICT_OBJC_MSGSEND = YES;
				ENABLE_TESTABILITY = YES;
				GCC_C_LANGUAGE_STANDARD = gnu11;
				GCC_DYNAMIC_NO_PIC = NO;
				GCC_NO_COMMON_BLOCKS = YES;
				GCC_OPTIMIZATION_LEVEL = 0;
				GCC_PREPROCESSOR_DEFINITIONS = (
					"DEBUG=1",
					"$(inherited)",
				);
				GCC_WARN_64_TO_32_BIT_CONVERSION = YES;
				GCC_WARN_ABOUT_RETURN_TYPE = YES_ERROR;
				GCC_WARN_UNDECLARED_SELECTOR = YES;
				GCC_WARN_UNINITIALIZED_AUTOS = YES_AGGRESSIVE;
				GCC_WARN_UNUSED_FUNCTION = YES;
				GCC_WARN_UNUSED_VARIABLE = YES;
				IPHONEOS_DEPLOYMENT_TARGET = 16.4;
				MTL_ENABLE_DEBUG_INFO = INCLUDE_SOURCE;
				MTL_FAST_MATH = YES;
				ONLY_ACTIVE_ARCH = YES;
				SDKROOT = iphoneos;
				SWIFT_ACTIVE_COMPILATION_CONDITIONS = DEBUG;
				SWIFT_OPTIMIZATION_LEVEL = "-Onone";
			};
			name = Debug;
		};
		F2FAC48F2A7654F6003D52DC /* Release */ = {
			isa = XCBuildConfiguration;
			buildSettings = {
				ALWAYS_SEARCH_USER_PATHS = NO;
				CLANG_ANALYZER_NONNULL = YES;
				CLANG_ANALYZER_NUMBER_OBJECT_CONVERSION = YES_AGGRESSIVE;
				CLANG_CXX_LANGUAGE_STANDARD = "gnu++20";
				CLANG_ENABLE_MODULES = YES;
				CLANG_ENABLE_OBJC_ARC = YES;
				CLANG_ENABLE_OBJC_WEAK = YES;
				CLANG_WARN_BLOCK_CAPTURE_AUTORELEASING = YES;
				CLANG_WARN_BOOL_CONVERSION = YES;
				CLANG_WARN_COMMA = YES;
				CLANG_WARN_CONSTANT_CONVERSION = YES;
				CLANG_WARN_DEPRECATED_OBJC_IMPLEMENTATIONS = YES;
				CLANG_WARN_DIRECT_OBJC_ISA_USAGE = YES_ERROR;
				CLANG_WARN_DOCUMENTATION_COMMENTS = YES;
				CLANG_WARN_EMPTY_BODY = YES;
				CLANG_WARN_ENUM_CONVERSION = YES;
				CLANG_WARN_INFINITE_RECURSION = YES;
				CLANG_WARN_INT_CONVERSION = YES;
				CLANG_WARN_NON_LITERAL_NULL_CONVERSION = YES;
				CLANG_WARN_OBJC_IMPLICIT_RETAIN_SELF = YES;
				CLANG_WARN_OBJC_LITERAL_CONVERSION = YES;
				CLANG_WARN_OBJC_ROOT_CLASS = YES_ERROR;
				CLANG_WARN_QUOTED_INCLUDE_IN_FRAMEWORK_HEADER = YES;
				CLANG_WARN_RANGE_LOOP_ANALYSIS = YES;
				CLANG_WARN_STRICT_PROTOTYPES = YES;
				CLANG_WARN_SUSPICIOUS_MOVE = YES;
				CLANG_WARN_UNGUARDED_AVAILABILITY = YES_AGGRESSIVE;
				CLANG_WARN_UNREACHABLE_CODE = YES;
				CLANG_WARN__DUPLICATE_METHOD_MATCH = YES;
				COPY_PHASE_STRIP = NO;
				DEBUG_INFORMATION_FORMAT = "dwarf-with-dsym";
				ENABLE_NS_ASSERTIONS = NO;
				ENABLE_STRICT_OBJC_MSGSEND = YES;
				GCC_C_LANGUAGE_STANDARD = gnu11;
				GCC_NO_COMMON_BLOCKS = YES;
				GCC_WARN_64_TO_32_BIT_CONVERSION = YES;
				GCC_WARN_ABOUT_RETURN_TYPE = YES_ERROR;
				GCC_WARN_UNDECLARED_SELECTOR = YES;
				GCC_WARN_UNINITIALIZED_AUTOS = YES_AGGRESSIVE;
				GCC_WARN_UNUSED_FUNCTION = YES;
				GCC_WARN_UNUSED_VARIABLE = YES;
				IPHONEOS_DEPLOYMENT_TARGET = 16.4;
				MTL_ENABLE_DEBUG_INFO = NO;
				MTL_FAST_MATH = YES;
				SDKROOT = iphoneos;
				SWIFT_COMPILATION_MODE = wholemodule;
				SWIFT_OPTIMIZATION_LEVEL = "-O";
				VALIDATE_PRODUCT = YES;
			};
			name = Release;
		};
		F2FAC4912A7654F6003D52DC /* Debug */ = {
			isa = XCBuildConfiguration;
			baseConfigurationReference = E61E63B4A39FC455CA3EEB0E /* Pods-MoA.debug.xcconfig */;
			buildSettings = {
				ASSETCATALOG_COMPILER_APPICON_NAME = AppIcon;
				ASSETCATALOG_COMPILER_GLOBAL_ACCENT_COLOR_NAME = AccentColor;
				CODE_SIGN_ENTITLEMENTS = MoA/MoA.entitlements;
				CODE_SIGN_STYLE = Automatic;
				CURRENT_PROJECT_VERSION = 1;
				DEVELOPMENT_TEAM = X4XX2MGPMQ;
				GENERATE_INFOPLIST_FILE = YES;
				INFOPLIST_FILE = MoA/Info.plist;
				INFOPLIST_KEY_UIApplicationSupportsIndirectInputEvents = YES;
				INFOPLIST_KEY_UILaunchStoryboardName = LaunchScreen;
				INFOPLIST_KEY_UISupportedInterfaceOrientations_iPad = "UIInterfaceOrientationPortrait UIInterfaceOrientationPortraitUpsideDown UIInterfaceOrientationLandscapeLeft UIInterfaceOrientationLandscapeRight";
				INFOPLIST_KEY_UISupportedInterfaceOrientations_iPhone = "UIInterfaceOrientationPortrait UIInterfaceOrientationLandscapeLeft UIInterfaceOrientationLandscapeRight";
				IPHONEOS_DEPLOYMENT_TARGET = 15.0;
				LD_RUNPATH_SEARCH_PATHS = (
					"$(inherited)",
					"@executable_path/Frameworks",
				);
				MARKETING_VERSION = 1.0;
				PRODUCT_BUNDLE_IDENTIFIER = com.runko.MoA;
				PRODUCT_NAME = "$(TARGET_NAME)";
				SUPPORTED_PLATFORMS = "iphoneos iphonesimulator";
				SUPPORTS_MACCATALYST = NO;
				SUPPORTS_MAC_DESIGNED_FOR_IPHONE_IPAD = NO;
				SWIFT_EMIT_LOC_STRINGS = YES;
				SWIFT_VERSION = 5.0;
				TARGETED_DEVICE_FAMILY = 1;
			};
			name = Debug;
		};
		F2FAC4922A7654F6003D52DC /* Release */ = {
			isa = XCBuildConfiguration;
			baseConfigurationReference = 1D23ED8F7AC6C634923B55DA /* Pods-MoA.release.xcconfig */;
			buildSettings = {
				ASSETCATALOG_COMPILER_APPICON_NAME = AppIcon;
				ASSETCATALOG_COMPILER_GLOBAL_ACCENT_COLOR_NAME = AccentColor;
				CODE_SIGN_ENTITLEMENTS = MoA/MoA.entitlements;
				CODE_SIGN_STYLE = Automatic;
				CURRENT_PROJECT_VERSION = 1;
				DEVELOPMENT_TEAM = X4XX2MGPMQ;
				GENERATE_INFOPLIST_FILE = YES;
				INFOPLIST_FILE = MoA/Info.plist;
				INFOPLIST_KEY_UIApplicationSupportsIndirectInputEvents = YES;
				INFOPLIST_KEY_UILaunchStoryboardName = LaunchScreen;
				INFOPLIST_KEY_UISupportedInterfaceOrientations_iPad = "UIInterfaceOrientationPortrait UIInterfaceOrientationPortraitUpsideDown UIInterfaceOrientationLandscapeLeft UIInterfaceOrientationLandscapeRight";
				INFOPLIST_KEY_UISupportedInterfaceOrientations_iPhone = "UIInterfaceOrientationPortrait UIInterfaceOrientationLandscapeLeft UIInterfaceOrientationLandscapeRight";
				IPHONEOS_DEPLOYMENT_TARGET = 15.0;
				LD_RUNPATH_SEARCH_PATHS = (
					"$(inherited)",
					"@executable_path/Frameworks",
				);
				MARKETING_VERSION = 1.0;
				PRODUCT_BUNDLE_IDENTIFIER = com.runko.MoA;
				PRODUCT_NAME = "$(TARGET_NAME)";
				SUPPORTED_PLATFORMS = "iphoneos iphonesimulator";
				SUPPORTS_MACCATALYST = NO;
				SUPPORTS_MAC_DESIGNED_FOR_IPHONE_IPAD = NO;
				SWIFT_EMIT_LOC_STRINGS = YES;
				SWIFT_VERSION = 5.0;
				TARGETED_DEVICE_FAMILY = 1;
			};
			name = Release;
		};
		F2FAC4942A7654F6003D52DC /* Debug */ = {
			isa = XCBuildConfiguration;
			baseConfigurationReference = 4C6583BA43F7DEB809A7E531 /* Pods-MoATests.debug.xcconfig */;
			buildSettings = {
				ALWAYS_EMBED_SWIFT_STANDARD_LIBRARIES = YES;
				BUNDLE_LOADER = "$(TEST_HOST)";
				CODE_SIGN_STYLE = Automatic;
				CURRENT_PROJECT_VERSION = 1;
				DEVELOPMENT_TEAM = P446D369B2;
				GENERATE_INFOPLIST_FILE = YES;
				IPHONEOS_DEPLOYMENT_TARGET = 16.4;
				MARKETING_VERSION = 1.0;
				PRODUCT_BUNDLE_IDENTIFIER = com.eunae.MoATests;
				PRODUCT_NAME = "$(TARGET_NAME)";
				SWIFT_EMIT_LOC_STRINGS = NO;
				SWIFT_VERSION = 5.0;
				TARGETED_DEVICE_FAMILY = "1,2";
				TEST_HOST = "$(BUILT_PRODUCTS_DIR)/MoA.app/$(BUNDLE_EXECUTABLE_FOLDER_PATH)/MoA";
			};
			name = Debug;
		};
		F2FAC4952A7654F6003D52DC /* Release */ = {
			isa = XCBuildConfiguration;
			baseConfigurationReference = D94269AD5703085668E762D1 /* Pods-MoATests.release.xcconfig */;
			buildSettings = {
				ALWAYS_EMBED_SWIFT_STANDARD_LIBRARIES = YES;
				BUNDLE_LOADER = "$(TEST_HOST)";
				CODE_SIGN_STYLE = Automatic;
				CURRENT_PROJECT_VERSION = 1;
				DEVELOPMENT_TEAM = P446D369B2;
				GENERATE_INFOPLIST_FILE = YES;
				IPHONEOS_DEPLOYMENT_TARGET = 16.4;
				MARKETING_VERSION = 1.0;
				PRODUCT_BUNDLE_IDENTIFIER = com.eunae.MoATests;
				PRODUCT_NAME = "$(TARGET_NAME)";
				SWIFT_EMIT_LOC_STRINGS = NO;
				SWIFT_VERSION = 5.0;
				TARGETED_DEVICE_FAMILY = "1,2";
				TEST_HOST = "$(BUILT_PRODUCTS_DIR)/MoA.app/$(BUNDLE_EXECUTABLE_FOLDER_PATH)/MoA";
			};
			name = Release;
		};
		F2FAC4972A7654F6003D52DC /* Debug */ = {
			isa = XCBuildConfiguration;
			baseConfigurationReference = 99DB2672CC1413E7FE00771E /* Pods-MoA-MoAUITests.debug.xcconfig */;
			buildSettings = {
				ALWAYS_EMBED_SWIFT_STANDARD_LIBRARIES = YES;
				CODE_SIGN_STYLE = Automatic;
				CURRENT_PROJECT_VERSION = 1;
				DEVELOPMENT_TEAM = P446D369B2;
				GENERATE_INFOPLIST_FILE = YES;
				MARKETING_VERSION = 1.0;
				PRODUCT_BUNDLE_IDENTIFIER = com.eunae.MoAUITests;
				PRODUCT_NAME = "$(TARGET_NAME)";
				SWIFT_EMIT_LOC_STRINGS = NO;
				SWIFT_VERSION = 5.0;
				TARGETED_DEVICE_FAMILY = "1,2";
				TEST_TARGET_NAME = MoA;
			};
			name = Debug;
		};
		F2FAC4982A7654F6003D52DC /* Release */ = {
			isa = XCBuildConfiguration;
			baseConfigurationReference = 1DA3FDF68FEA09CAA49D17F8 /* Pods-MoA-MoAUITests.release.xcconfig */;
			buildSettings = {
				ALWAYS_EMBED_SWIFT_STANDARD_LIBRARIES = YES;
				CODE_SIGN_STYLE = Automatic;
				CURRENT_PROJECT_VERSION = 1;
				DEVELOPMENT_TEAM = P446D369B2;
				GENERATE_INFOPLIST_FILE = YES;
				MARKETING_VERSION = 1.0;
				PRODUCT_BUNDLE_IDENTIFIER = com.eunae.MoAUITests;
				PRODUCT_NAME = "$(TARGET_NAME)";
				SWIFT_EMIT_LOC_STRINGS = NO;
				SWIFT_VERSION = 5.0;
				TARGETED_DEVICE_FAMILY = "1,2";
				TEST_TARGET_NAME = MoA;
			};
			name = Release;
		};
/* End XCBuildConfiguration section */

/* Begin XCConfigurationList section */
		F2FAC4612A7654F2003D52DC /* Build configuration list for PBXProject "MoA" */ = {
			isa = XCConfigurationList;
			buildConfigurations = (
				F2FAC48E2A7654F6003D52DC /* Debug */,
				F2FAC48F2A7654F6003D52DC /* Release */,
			);
			defaultConfigurationIsVisible = 0;
			defaultConfigurationName = Release;
		};
		F2FAC4902A7654F6003D52DC /* Build configuration list for PBXNativeTarget "MoA" */ = {
			isa = XCConfigurationList;
			buildConfigurations = (
				F2FAC4912A7654F6003D52DC /* Debug */,
				F2FAC4922A7654F6003D52DC /* Release */,
			);
			defaultConfigurationIsVisible = 0;
			defaultConfigurationName = Release;
		};
		F2FAC4932A7654F6003D52DC /* Build configuration list for PBXNativeTarget "MoATests" */ = {
			isa = XCConfigurationList;
			buildConfigurations = (
				F2FAC4942A7654F6003D52DC /* Debug */,
				F2FAC4952A7654F6003D52DC /* Release */,
			);
			defaultConfigurationIsVisible = 0;
			defaultConfigurationName = Release;
		};
		F2FAC4962A7654F6003D52DC /* Build configuration list for PBXNativeTarget "MoAUITests" */ = {
			isa = XCConfigurationList;
			buildConfigurations = (
				F2FAC4972A7654F6003D52DC /* Debug */,
				F2FAC4982A7654F6003D52DC /* Release */,
			);
			defaultConfigurationIsVisible = 0;
			defaultConfigurationName = Release;
		};
/* End XCConfigurationList section */

/* Begin XCRemoteSwiftPackageReference section */
		F2D9BB842B1DF2F4007F09CF /* XCRemoteSwiftPackageReference "kakao-ios-sdk" */ = {
			isa = XCRemoteSwiftPackageReference;
			repositoryURL = "https://github.com/kakao/kakao-ios-sdk";
			requirement = {
				kind = upToNextMajorVersion;
				minimumVersion = 2.19.0;
			};
		};
		F2D9BB892B1DF309007F09CF /* XCRemoteSwiftPackageReference "GoogleSignIn-iOS" */ = {
			isa = XCRemoteSwiftPackageReference;
			repositoryURL = "https://github.com/google/GoogleSignIn-iOS";
			requirement = {
				kind = upToNextMajorVersion;
				minimumVersion = 7.0.0;
			};
		};
/* End XCRemoteSwiftPackageReference section */

/* Begin XCSwiftPackageProductDependency section */
		F2D9BB852B1DF2F4007F09CF /* KakaoSDKAuth */ = {
			isa = XCSwiftPackageProductDependency;
			package = F2D9BB842B1DF2F4007F09CF /* XCRemoteSwiftPackageReference "kakao-ios-sdk" */;
			productName = KakaoSDKAuth;
		};
		F2D9BB872B1DF2F4007F09CF /* KakaoSDKCommon */ = {
			isa = XCSwiftPackageProductDependency;
			package = F2D9BB842B1DF2F4007F09CF /* XCRemoteSwiftPackageReference "kakao-ios-sdk" */;
			productName = KakaoSDKCommon;
		};
		F2D9BB8A2B1DF309007F09CF /* GoogleSignInSwift */ = {
			isa = XCSwiftPackageProductDependency;
			package = F2D9BB892B1DF309007F09CF /* XCRemoteSwiftPackageReference "GoogleSignIn-iOS" */;
			productName = GoogleSignInSwift;
		};
		F2D9BB8C2B1DF56A007F09CF /* KakaoSDKUser */ = {
			isa = XCSwiftPackageProductDependency;
			package = F2D9BB842B1DF2F4007F09CF /* XCRemoteSwiftPackageReference "kakao-ios-sdk" */;
			productName = KakaoSDKUser;
		};
/* End XCSwiftPackageProductDependency section */
	};
	rootObject = F2FAC45E2A7654F2003D52DC /* Project object */;
}
